// !$*UTF8*$!
{
	archiveVersion = 1;
	classes = {
	};
	objectVersion = 46;
	objects = {

/* Begin PBXBuildFile section */
		184F1243EDB74A828314F2AE /* libPods-PsychologyApp.a in Frameworks */ = {isa = PBXBuildFile; fileRef = 50D03B2D88032C5AE65A73AF /* libPods-PsychologyApp.a */; };
		DC022B111C47DCC100D3FB61 /* FLTableViewCell.m in Sources */ = {isa = PBXBuildFile; fileRef = DC022B101C47DCC100D3FB61 /* FLTableViewCell.m */; };
		DC022B151C47E1A500D3FB61 /* AccountLogin.m in Sources */ = {isa = PBXBuildFile; fileRef = DC022B141C47E1A500D3FB61 /* AccountLogin.m */; };
		DC022B171C47E86D00D3FB61 /* Account.storyboard in Resources */ = {isa = PBXBuildFile; fileRef = DC022B161C47E86D00D3FB61 /* Account.storyboard */; };
		DC022B1B1C48110800D3FB61 /* GMToast.m in Sources */ = {isa = PBXBuildFile; fileRef = DC022B1A1C48110800D3FB61 /* GMToast.m */; };
		DC0FCD651C76038F00E5AF6F /* MineSetting.m in Sources */ = {isa = PBXBuildFile; fileRef = DC0FCD641C76038F00E5AF6F /* MineSetting.m */; };
		DC0FCD671C7603AC00E5AF6F /* Mine.storyboard in Resources */ = {isa = PBXBuildFile; fileRef = DC0FCD661C7603AC00E5AF6F /* Mine.storyboard */; };
		DC0FCD6B1C760D8600E5AF6F /* MineFeedback.m in Sources */ = {isa = PBXBuildFile; fileRef = DC0FCD6A1C760D8600E5AF6F /* MineFeedback.m */; };
		DC0FCD6F1C760EAF00E5AF6F /* MineShareFriend.m in Sources */ = {isa = PBXBuildFile; fileRef = DC0FCD6E1C760EAF00E5AF6F /* MineShareFriend.m */; };
		DC0FCD731C760EF400E5AF6F /* MineAttentionOrFan.m in Sources */ = {isa = PBXBuildFile; fileRef = DC0FCD721C760EF400E5AF6F /* MineAttentionOrFan.m */; };
		DC0FCD771C76117300E5AF6F /* MineEditProfile.m in Sources */ = {isa = PBXBuildFile; fileRef = DC0FCD761C76117300E5AF6F /* MineEditProfile.m */; };
		DC0FCD7B1C7611A700E5AF6F /* MineConsultingexpert.m in Sources */ = {isa = PBXBuildFile; fileRef = DC0FCD7A1C7611A700E5AF6F /* MineConsultingexpert.m */; };
		DC0FCD7F1C76136100E5AF6F /* MineArticle.m in Sources */ = {isa = PBXBuildFile; fileRef = DC0FCD7E1C76136100E5AF6F /* MineArticle.m */; };
		DC0FCD831C76139200E5AF6F /* MineQA.m in Sources */ = {isa = PBXBuildFile; fileRef = DC0FCD821C76139200E5AF6F /* MineQA.m */; };
		DC0FCD871C7613A900E5AF6F /* MineTest.m in Sources */ = {isa = PBXBuildFile; fileRef = DC0FCD861C7613A900E5AF6F /* MineTest.m */; };
		DC0FCD8B1C7613D400E5AF6F /* MineCollection.m in Sources */ = {isa = PBXBuildFile; fileRef = DC0FCD8A1C7613D400E5AF6F /* MineCollection.m */; };
		DC0FCD8F1C7615D300E5AF6F /* MineMessageCenter.m in Sources */ = {isa = PBXBuildFile; fileRef = DC0FCD8E1C7615D300E5AF6F /* MineMessageCenter.m */; };
		DC0FCD931C7615F800E5AF6F /* MineBookingManagement.m in Sources */ = {isa = PBXBuildFile; fileRef = DC0FCD921C7615F800E5AF6F /* MineBookingManagement.m */; };
		DC0FCD961C76227700E5AF6F /* MainIndex.m in Sources */ = {isa = PBXBuildFile; fileRef = DC0FCD951C76227700E5AF6F /* MainIndex.m */; };
		DC0FCD991C7622B500E5AF6F /* MainController.m in Sources */ = {isa = PBXBuildFile; fileRef = DC0FCD981C7622B500E5AF6F /* MainController.m */; };
		DC10FD721C7624CD004ED442 /* MainHomePage.m in Sources */ = {isa = PBXBuildFile; fileRef = DC10FD711C7624CD004ED442 /* MainHomePage.m */; };
		DC10FD771C762501004ED442 /* MainReading.m in Sources */ = {isa = PBXBuildFile; fileRef = DC10FD761C762501004ED442 /* MainReading.m */; };
		DC10FD7B1C762530004ED442 /* MainQA.m in Sources */ = {isa = PBXBuildFile; fileRef = DC10FD7A1C762530004ED442 /* MainQA.m */; };
		DC10FD7F1C762546004ED442 /* MainConsult.m in Sources */ = {isa = PBXBuildFile; fileRef = DC10FD7E1C762546004ED442 /* MainConsult.m */; };
		DC60BD3E1C704EB900CFDC56 /* VCLoading.m in Sources */ = {isa = PBXBuildFile; fileRef = DC60BD361C704EB900CFDC56 /* VCLoading.m */; };
		DC60BD3F1C704EB900CFDC56 /* VCLoading.xib in Resources */ = {isa = PBXBuildFile; fileRef = DC60BD371C704EB900CFDC56 /* VCLoading.xib */; };
		DC60BD401C704EB900CFDC56 /* VCToast.m in Sources */ = {isa = PBXBuildFile; fileRef = DC60BD391C704EB900CFDC56 /* VCToast.m */; };
		DC60BD411C704EB900CFDC56 /* VCView.m in Sources */ = {isa = PBXBuildFile; fileRef = DC60BD3B1C704EB900CFDC56 /* VCView.m */; };
		DC60BD421C704EB900CFDC56 /* VCViewLine.m in Sources */ = {isa = PBXBuildFile; fileRef = DC60BD3D1C704EB900CFDC56 /* VCViewLine.m */; };
		DC60BD461C704F1900CFDC56 /* Helper+Time.m in Sources */ = {isa = PBXBuildFile; fileRef = DC60BD451C704F1900CFDC56 /* Helper+Time.m */; };
		DC60BD491C704F2F00CFDC56 /* Helper.m in Sources */ = {isa = PBXBuildFile; fileRef = DC60BD481C704F2F00CFDC56 /* Helper.m */; };
		DC60BD4C1C7052C100CFDC56 /* VCButton.m in Sources */ = {isa = PBXBuildFile; fileRef = DC60BD4B1C7052C100CFDC56 /* VCButton.m */; };
		DC60BD4F1C70573300CFDC56 /* HostManager.m in Sources */ = {isa = PBXBuildFile; fileRef = DC60BD4E1C70573300CFDC56 /* HostManager.m */; };
		DC60BD551C70616700CFDC56 /* RestStructResponse.m in Sources */ = {isa = PBXBuildFile; fileRef = DC60BD541C70616700CFDC56 /* RestStructResponse.m */; };
		DC60BD581C7063CD00CFDC56 /* ServiceManager.m in Sources */ = {isa = PBXBuildFile; fileRef = DC60BD571C7063CD00CFDC56 /* ServiceManager.m */; };
		DC60BD5B1C70643500CFDC56 /* Service.m in Sources */ = {isa = PBXBuildFile; fileRef = DC60BD5A1C70643500CFDC56 /* Service.m */; };
		DC7917E31C5671DF00BB3FA9 /* RestInterface.m in Sources */ = {isa = PBXBuildFile; fileRef = DC7917E21C5671DF00BB3FA9 /* RestInterface.m */; };
		DC7917E71C567C3400BB3FA9 /* RestStructRequest.m in Sources */ = {isa = PBXBuildFile; fileRef = DC7917E61C567C3400BB3FA9 /* RestStructRequest.m */; };
		DC7917EA1C567CE000BB3FA9 /* UserService.m in Sources */ = {isa = PBXBuildFile; fileRef = DC7917E91C567CE000BB3FA9 /* UserService.m */; };
		DC8BA9FC1C703EEF00184CD8 /* AccountRegister.m in Sources */ = {isa = PBXBuildFile; fileRef = DC8BA9FB1C703EEF00184CD8 /* AccountRegister.m */; };
		DC992DA11C46947400382DFB /* main.m in Sources */ = {isa = PBXBuildFile; fileRef = DC992DA01C46947400382DFB /* main.m */; };
		DC992DA41C46947400382DFB /* AppDelegate.m in Sources */ = {isa = PBXBuildFile; fileRef = DC992DA31C46947400382DFB /* AppDelegate.m */; };
		DC992DAC1C46947400382DFB /* Assets.xcassets in Resources */ = {isa = PBXBuildFile; fileRef = DC992DAB1C46947400382DFB /* Assets.xcassets */; };
		DC992DAF1C46947400382DFB /* LaunchScreen.storyboard in Resources */ = {isa = PBXBuildFile; fileRef = DC992DAD1C46947400382DFB /* LaunchScreen.storyboard */; };
		DC992DBA1C46947400382DFB /* PsychologyAppTests.m in Sources */ = {isa = PBXBuildFile; fileRef = DC992DB91C46947400382DFB /* PsychologyAppTests.m */; };
		DC992DC51C46947400382DFB /* PsychologyAppUITests.m in Sources */ = {isa = PBXBuildFile; fileRef = DC992DC41C46947400382DFB /* PsychologyAppUITests.m */; };
		DC992DE01C46A04200382DFB /* MineController.m in Sources */ = {isa = PBXBuildFile; fileRef = DC992DDF1C46A04200382DFB /* MineController.m */; };
		DC992DE31C46B59E00382DFB /* Main.storyboard in Resources */ = {isa = PBXBuildFile; fileRef = DC992DE11C46B59E00382DFB /* Main.storyboard */; };
		DC9DEF061C74861500C1A1AE /* UIImageView+WebRequest.m in Sources */ = {isa = PBXBuildFile; fileRef = DC9DEF051C74861500C1A1AE /* UIImageView+WebRequest.m */; };
		DC9DEF0D1C7486A800C1A1AE /* AppService.m in Sources */ = {isa = PBXBuildFile; fileRef = DC9DEF0C1C7486A800C1A1AE /* AppService.m */; };
		DC9DEF131C74881100C1A1AE /* SplashScreen.m in Sources */ = {isa = PBXBuildFile; fileRef = DC9DEF121C74881100C1A1AE /* SplashScreen.m */; };
		DCFECA7B1C787AFE000A4BC9 /* 1.png in Resources */ = {isa = PBXBuildFile; fileRef = DCFECA771C787AFE000A4BC9 /* 1.png */; };
		DCFECA7C1C787AFE000A4BC9 /* 2.png in Resources */ = {isa = PBXBuildFile; fileRef = DCFECA781C787AFE000A4BC9 /* 2.png */; };
		DCFECA7D1C787AFE000A4BC9 /* 3.jpg in Resources */ = {isa = PBXBuildFile; fileRef = DCFECA791C787AFE000A4BC9 /* 3.jpg */; };
		DCFECA7E1C787AFE000A4BC9 /* 4.jpg in Resources */ = {isa = PBXBuildFile; fileRef = DCFECA7A1C787AFE000A4BC9 /* 4.jpg */; };
		DCFECA801C787B08000A4BC9 /* pageView@2x.png in Resources */ = {isa = PBXBuildFile; fileRef = DCFECA7F1C787B08000A4BC9 /* pageView@2x.png */; };
		DCFECA851C787B52000A4BC9 /* MJBannnerPlayer.m in Sources */ = {isa = PBXBuildFile; fileRef = DCFECA841C787B52000A4BC9 /* MJBannnerPlayer.m */; };
		DCFECA8B1C78860A000A4BC9 /* ImageAndTitleCell.m in Sources */ = {isa = PBXBuildFile; fileRef = DCFECA891C78860A000A4BC9 /* ImageAndTitleCell.m */; };
		DCFECA8C1C78860A000A4BC9 /* ImageAndTitleCell.xib in Resources */ = {isa = PBXBuildFile; fileRef = DCFECA8A1C78860A000A4BC9 /* ImageAndTitleCell.xib */; };
		DCFECA921C78BA05000A4BC9 /* ArticleAndTestCell.m in Sources */ = {isa = PBXBuildFile; fileRef = DCFECA901C78BA05000A4BC9 /* ArticleAndTestCell.m */; };
		DCFECA931C78BA05000A4BC9 /* ArticleAndTestCell.xib in Resources */ = {isa = PBXBuildFile; fileRef = DCFECA911C78BA05000A4BC9 /* ArticleAndTestCell.xib */; };
/* End PBXBuildFile section */

/* Begin PBXContainerItemProxy section */
		DC992DB61C46947400382DFB /* PBXContainerItemProxy */ = {
			isa = PBXContainerItemProxy;
			containerPortal = DC992D941C46947400382DFB /* Project object */;
			proxyType = 1;
			remoteGlobalIDString = DC992D9B1C46947400382DFB;
			remoteInfo = PsychologyApp;
		};
		DC992DC11C46947400382DFB /* PBXContainerItemProxy */ = {
			isa = PBXContainerItemProxy;
			containerPortal = DC992D941C46947400382DFB /* Project object */;
			proxyType = 1;
			remoteGlobalIDString = DC992D9B1C46947400382DFB;
			remoteInfo = PsychologyApp;
		};
/* End PBXContainerItemProxy section */

/* Begin PBXFileReference section */
		2243071602447811C20C3E26 /* Pods-PsychologyApp.release.xcconfig */ = {isa = PBXFileReference; includeInIndex = 1; lastKnownFileType = text.xcconfig; name = "Pods-PsychologyApp.release.xcconfig"; path = "Pods/Target Support Files/Pods-PsychologyApp/Pods-PsychologyApp.release.xcconfig"; sourceTree = "<group>"; };
		50D03B2D88032C5AE65A73AF /* libPods-PsychologyApp.a */ = {isa = PBXFileReference; explicitFileType = archive.ar; includeInIndex = 0; path = "libPods-PsychologyApp.a"; sourceTree = BUILT_PRODUCTS_DIR; };
		8900394E29DB661B93AC5989 /* Pods-PsychologyApp.debug.xcconfig */ = {isa = PBXFileReference; includeInIndex = 1; lastKnownFileType = text.xcconfig; name = "Pods-PsychologyApp.debug.xcconfig"; path = "Pods/Target Support Files/Pods-PsychologyApp/Pods-PsychologyApp.debug.xcconfig"; sourceTree = "<group>"; };
		DC022B0F1C47DCC100D3FB61 /* FLTableViewCell.h */ = {isa = PBXFileReference; fileEncoding = 4; lastKnownFileType = sourcecode.c.h; path = FLTableViewCell.h; sourceTree = "<group>"; };
		DC022B101C47DCC100D3FB61 /* FLTableViewCell.m */ = {isa = PBXFileReference; fileEncoding = 4; lastKnownFileType = sourcecode.c.objc; path = FLTableViewCell.m; sourceTree = "<group>"; };
		DC022B131C47E1A500D3FB61 /* AccountLogin.h */ = {isa = PBXFileReference; fileEncoding = 4; lastKnownFileType = sourcecode.c.h; path = AccountLogin.h; sourceTree = "<group>"; };
		DC022B141C47E1A500D3FB61 /* AccountLogin.m */ = {isa = PBXFileReference; fileEncoding = 4; lastKnownFileType = sourcecode.c.objc; path = AccountLogin.m; sourceTree = "<group>"; };
		DC022B161C47E86D00D3FB61 /* Account.storyboard */ = {isa = PBXFileReference; fileEncoding = 4; lastKnownFileType = file.storyboard; path = Account.storyboard; sourceTree = "<group>"; };
		DC022B191C48110800D3FB61 /* GMToast.h */ = {isa = PBXFileReference; fileEncoding = 4; lastKnownFileType = sourcecode.c.h; path = GMToast.h; sourceTree = "<group>"; };
		DC022B1A1C48110800D3FB61 /* GMToast.m */ = {isa = PBXFileReference; fileEncoding = 4; lastKnownFileType = sourcecode.c.objc; path = GMToast.m; sourceTree = "<group>"; };
		DC0FCD631C76038F00E5AF6F /* MineSetting.h */ = {isa = PBXFileReference; fileEncoding = 4; lastKnownFileType = sourcecode.c.h; path = MineSetting.h; sourceTree = "<group>"; };
		DC0FCD641C76038F00E5AF6F /* MineSetting.m */ = {isa = PBXFileReference; fileEncoding = 4; lastKnownFileType = sourcecode.c.objc; path = MineSetting.m; sourceTree = "<group>"; };
		DC0FCD661C7603AC00E5AF6F /* Mine.storyboard */ = {isa = PBXFileReference; fileEncoding = 4; lastKnownFileType = file.storyboard; path = Mine.storyboard; sourceTree = "<group>"; };
		DC0FCD691C760D8600E5AF6F /* MineFeedback.h */ = {isa = PBXFileReference; fileEncoding = 4; lastKnownFileType = sourcecode.c.h; path = MineFeedback.h; sourceTree = "<group>"; };
		DC0FCD6A1C760D8600E5AF6F /* MineFeedback.m */ = {isa = PBXFileReference; fileEncoding = 4; lastKnownFileType = sourcecode.c.objc; path = MineFeedback.m; sourceTree = "<group>"; };
		DC0FCD6D1C760EAF00E5AF6F /* MineShareFriend.h */ = {isa = PBXFileReference; fileEncoding = 4; lastKnownFileType = sourcecode.c.h; path = MineShareFriend.h; sourceTree = "<group>"; };
		DC0FCD6E1C760EAF00E5AF6F /* MineShareFriend.m */ = {isa = PBXFileReference; fileEncoding = 4; lastKnownFileType = sourcecode.c.objc; path = MineShareFriend.m; sourceTree = "<group>"; };
		DC0FCD711C760EF400E5AF6F /* MineAttentionOrFan.h */ = {isa = PBXFileReference; fileEncoding = 4; lastKnownFileType = sourcecode.c.h; path = MineAttentionOrFan.h; sourceTree = "<group>"; };
		DC0FCD721C760EF400E5AF6F /* MineAttentionOrFan.m */ = {isa = PBXFileReference; fileEncoding = 4; lastKnownFileType = sourcecode.c.objc; path = MineAttentionOrFan.m; sourceTree = "<group>"; };
		DC0FCD751C76117300E5AF6F /* MineEditProfile.h */ = {isa = PBXFileReference; fileEncoding = 4; lastKnownFileType = sourcecode.c.h; path = MineEditProfile.h; sourceTree = "<group>"; };
		DC0FCD761C76117300E5AF6F /* MineEditProfile.m */ = {isa = PBXFileReference; fileEncoding = 4; lastKnownFileType = sourcecode.c.objc; path = MineEditProfile.m; sourceTree = "<group>"; };
		DC0FCD791C7611A700E5AF6F /* MineConsultingexpert.h */ = {isa = PBXFileReference; fileEncoding = 4; lastKnownFileType = sourcecode.c.h; path = MineConsultingexpert.h; sourceTree = "<group>"; };
		DC0FCD7A1C7611A700E5AF6F /* MineConsultingexpert.m */ = {isa = PBXFileReference; fileEncoding = 4; lastKnownFileType = sourcecode.c.objc; path = MineConsultingexpert.m; sourceTree = "<group>"; };
		DC0FCD7D1C76136100E5AF6F /* MineArticle.h */ = {isa = PBXFileReference; fileEncoding = 4; lastKnownFileType = sourcecode.c.h; path = MineArticle.h; sourceTree = "<group>"; };
		DC0FCD7E1C76136100E5AF6F /* MineArticle.m */ = {isa = PBXFileReference; fileEncoding = 4; lastKnownFileType = sourcecode.c.objc; path = MineArticle.m; sourceTree = "<group>"; };
		DC0FCD811C76139200E5AF6F /* MineQA.h */ = {isa = PBXFileReference; fileEncoding = 4; lastKnownFileType = sourcecode.c.h; path = MineQA.h; sourceTree = "<group>"; };
		DC0FCD821C76139200E5AF6F /* MineQA.m */ = {isa = PBXFileReference; fileEncoding = 4; lastKnownFileType = sourcecode.c.objc; path = MineQA.m; sourceTree = "<group>"; };
		DC0FCD851C7613A900E5AF6F /* MineTest.h */ = {isa = PBXFileReference; fileEncoding = 4; lastKnownFileType = sourcecode.c.h; path = MineTest.h; sourceTree = "<group>"; };
		DC0FCD861C7613A900E5AF6F /* MineTest.m */ = {isa = PBXFileReference; fileEncoding = 4; lastKnownFileType = sourcecode.c.objc; path = MineTest.m; sourceTree = "<group>"; };
		DC0FCD891C7613D400E5AF6F /* MineCollection.h */ = {isa = PBXFileReference; fileEncoding = 4; lastKnownFileType = sourcecode.c.h; path = MineCollection.h; sourceTree = "<group>"; };
		DC0FCD8A1C7613D400E5AF6F /* MineCollection.m */ = {isa = PBXFileReference; fileEncoding = 4; lastKnownFileType = sourcecode.c.objc; path = MineCollection.m; sourceTree = "<group>"; };
		DC0FCD8D1C7615D300E5AF6F /* MineMessageCenter.h */ = {isa = PBXFileReference; fileEncoding = 4; lastKnownFileType = sourcecode.c.h; path = MineMessageCenter.h; sourceTree = "<group>"; };
		DC0FCD8E1C7615D300E5AF6F /* MineMessageCenter.m */ = {isa = PBXFileReference; fileEncoding = 4; lastKnownFileType = sourcecode.c.objc; path = MineMessageCenter.m; sourceTree = "<group>"; };
		DC0FCD911C7615F800E5AF6F /* MineBookingManagement.h */ = {isa = PBXFileReference; fileEncoding = 4; lastKnownFileType = sourcecode.c.h; path = MineBookingManagement.h; sourceTree = "<group>"; };
		DC0FCD921C7615F800E5AF6F /* MineBookingManagement.m */ = {isa = PBXFileReference; fileEncoding = 4; lastKnownFileType = sourcecode.c.objc; path = MineBookingManagement.m; sourceTree = "<group>"; };
		DC0FCD941C76227700E5AF6F /* MainIndex.h */ = {isa = PBXFileReference; fileEncoding = 4; lastKnownFileType = sourcecode.c.h; path = MainIndex.h; sourceTree = "<group>"; };
		DC0FCD951C76227700E5AF6F /* MainIndex.m */ = {isa = PBXFileReference; fileEncoding = 4; lastKnownFileType = sourcecode.c.objc; path = MainIndex.m; sourceTree = "<group>"; };
		DC0FCD971C7622B500E5AF6F /* MainController.h */ = {isa = PBXFileReference; fileEncoding = 4; lastKnownFileType = sourcecode.c.h; path = MainController.h; sourceTree = "<group>"; };
		DC0FCD981C7622B500E5AF6F /* MainController.m */ = {isa = PBXFileReference; fileEncoding = 4; lastKnownFileType = sourcecode.c.objc; path = MainController.m; sourceTree = "<group>"; };
		DC10FD701C7624CD004ED442 /* MainHomePage.h */ = {isa = PBXFileReference; fileEncoding = 4; lastKnownFileType = sourcecode.c.h; path = MainHomePage.h; sourceTree = "<group>"; };
		DC10FD711C7624CD004ED442 /* MainHomePage.m */ = {isa = PBXFileReference; fileEncoding = 4; lastKnownFileType = sourcecode.c.objc; path = MainHomePage.m; sourceTree = "<group>"; };
		DC10FD751C762501004ED442 /* MainReading.h */ = {isa = PBXFileReference; fileEncoding = 4; lastKnownFileType = sourcecode.c.h; path = MainReading.h; sourceTree = "<group>"; };
		DC10FD761C762501004ED442 /* MainReading.m */ = {isa = PBXFileReference; fileEncoding = 4; lastKnownFileType = sourcecode.c.objc; path = MainReading.m; sourceTree = "<group>"; };
		DC10FD791C762530004ED442 /* MainQA.h */ = {isa = PBXFileReference; fileEncoding = 4; lastKnownFileType = sourcecode.c.h; path = MainQA.h; sourceTree = "<group>"; };
		DC10FD7A1C762530004ED442 /* MainQA.m */ = {isa = PBXFileReference; fileEncoding = 4; lastKnownFileType = sourcecode.c.objc; path = MainQA.m; sourceTree = "<group>"; };
		DC10FD7D1C762546004ED442 /* MainConsult.h */ = {isa = PBXFileReference; fileEncoding = 4; lastKnownFileType = sourcecode.c.h; path = MainConsult.h; sourceTree = "<group>"; };
		DC10FD7E1C762546004ED442 /* MainConsult.m */ = {isa = PBXFileReference; fileEncoding = 4; lastKnownFileType = sourcecode.c.objc; path = MainConsult.m; sourceTree = "<group>"; };
		DC207FE91C564E9C0011D8C4 /* AppDefinition.h */ = {isa = PBXFileReference; lastKnownFileType = sourcecode.c.h; path = AppDefinition.h; sourceTree = "<group>"; };
		DC60BD351C704EB900CFDC56 /* VCLoading.h */ = {isa = PBXFileReference; fileEncoding = 4; lastKnownFileType = sourcecode.c.h; path = VCLoading.h; sourceTree = "<group>"; };
		DC60BD361C704EB900CFDC56 /* VCLoading.m */ = {isa = PBXFileReference; fileEncoding = 4; lastKnownFileType = sourcecode.c.objc; path = VCLoading.m; sourceTree = "<group>"; };
		DC60BD371C704EB900CFDC56 /* VCLoading.xib */ = {isa = PBXFileReference; fileEncoding = 4; lastKnownFileType = file.xib; path = VCLoading.xib; sourceTree = "<group>"; };
		DC60BD381C704EB900CFDC56 /* VCToast.h */ = {isa = PBXFileReference; fileEncoding = 4; lastKnownFileType = sourcecode.c.h; path = VCToast.h; sourceTree = "<group>"; };
		DC60BD391C704EB900CFDC56 /* VCToast.m */ = {isa = PBXFileReference; fileEncoding = 4; lastKnownFileType = sourcecode.c.objc; path = VCToast.m; sourceTree = "<group>"; };
		DC60BD3A1C704EB900CFDC56 /* VCView.h */ = {isa = PBXFileReference; fileEncoding = 4; lastKnownFileType = sourcecode.c.h; path = VCView.h; sourceTree = "<group>"; };
		DC60BD3B1C704EB900CFDC56 /* VCView.m */ = {isa = PBXFileReference; fileEncoding = 4; lastKnownFileType = sourcecode.c.objc; path = VCView.m; sourceTree = "<group>"; };
		DC60BD3C1C704EB900CFDC56 /* VCViewLine.h */ = {isa = PBXFileReference; fileEncoding = 4; lastKnownFileType = sourcecode.c.h; path = VCViewLine.h; sourceTree = "<group>"; };
		DC60BD3D1C704EB900CFDC56 /* VCViewLine.m */ = {isa = PBXFileReference; fileEncoding = 4; lastKnownFileType = sourcecode.c.objc; path = VCViewLine.m; sourceTree = "<group>"; };
		DC60BD441C704F1900CFDC56 /* Helper+Time.h */ = {isa = PBXFileReference; fileEncoding = 4; lastKnownFileType = sourcecode.c.h; path = "Helper+Time.h"; sourceTree = "<group>"; };
		DC60BD451C704F1900CFDC56 /* Helper+Time.m */ = {isa = PBXFileReference; fileEncoding = 4; lastKnownFileType = sourcecode.c.objc; path = "Helper+Time.m"; sourceTree = "<group>"; };
		DC60BD471C704F2F00CFDC56 /* Helper.h */ = {isa = PBXFileReference; fileEncoding = 4; lastKnownFileType = sourcecode.c.h; path = Helper.h; sourceTree = "<group>"; };
		DC60BD481C704F2F00CFDC56 /* Helper.m */ = {isa = PBXFileReference; fileEncoding = 4; lastKnownFileType = sourcecode.c.objc; path = Helper.m; sourceTree = "<group>"; };
		DC60BD4A1C7052C100CFDC56 /* VCButton.h */ = {isa = PBXFileReference; fileEncoding = 4; lastKnownFileType = sourcecode.c.h; path = VCButton.h; sourceTree = "<group>"; };
		DC60BD4B1C7052C100CFDC56 /* VCButton.m */ = {isa = PBXFileReference; fileEncoding = 4; lastKnownFileType = sourcecode.c.objc; path = VCButton.m; sourceTree = "<group>"; };
		DC60BD4D1C70573300CFDC56 /* HostManager.h */ = {isa = PBXFileReference; fileEncoding = 4; lastKnownFileType = sourcecode.c.h; path = HostManager.h; sourceTree = "<group>"; };
		DC60BD4E1C70573300CFDC56 /* HostManager.m */ = {isa = PBXFileReference; fileEncoding = 4; lastKnownFileType = sourcecode.c.objc; path = HostManager.m; sourceTree = "<group>"; };
		DC60BD531C70616700CFDC56 /* RestStructResponse.h */ = {isa = PBXFileReference; fileEncoding = 4; lastKnownFileType = sourcecode.c.h; path = RestStructResponse.h; sourceTree = "<group>"; };
		DC60BD541C70616700CFDC56 /* RestStructResponse.m */ = {isa = PBXFileReference; fileEncoding = 4; lastKnownFileType = sourcecode.c.objc; path = RestStructResponse.m; sourceTree = "<group>"; };
		DC60BD561C7063CD00CFDC56 /* ServiceManager.h */ = {isa = PBXFileReference; fileEncoding = 4; lastKnownFileType = sourcecode.c.h; path = ServiceManager.h; sourceTree = "<group>"; };
		DC60BD571C7063CD00CFDC56 /* ServiceManager.m */ = {isa = PBXFileReference; fileEncoding = 4; lastKnownFileType = sourcecode.c.objc; path = ServiceManager.m; sourceTree = "<group>"; };
		DC60BD591C70643500CFDC56 /* Service.h */ = {isa = PBXFileReference; fileEncoding = 4; lastKnownFileType = sourcecode.c.h; path = Service.h; sourceTree = "<group>"; };
		DC60BD5A1C70643500CFDC56 /* Service.m */ = {isa = PBXFileReference; fileEncoding = 4; lastKnownFileType = sourcecode.c.objc; path = Service.m; sourceTree = "<group>"; };
		DC7917E11C5671DF00BB3FA9 /* RestInterface.h */ = {isa = PBXFileReference; fileEncoding = 4; lastKnownFileType = sourcecode.c.h; path = RestInterface.h; sourceTree = "<group>"; };
		DC7917E21C5671DF00BB3FA9 /* RestInterface.m */ = {isa = PBXFileReference; fileEncoding = 4; lastKnownFileType = sourcecode.c.objc; path = RestInterface.m; sourceTree = "<group>"; };
		DC7917E51C567C3400BB3FA9 /* RestStructRequest.h */ = {isa = PBXFileReference; fileEncoding = 4; lastKnownFileType = sourcecode.c.h; path = RestStructRequest.h; sourceTree = "<group>"; };
		DC7917E61C567C3400BB3FA9 /* RestStructRequest.m */ = {isa = PBXFileReference; fileEncoding = 4; lastKnownFileType = sourcecode.c.objc; path = RestStructRequest.m; sourceTree = "<group>"; };
		DC7917E81C567CE000BB3FA9 /* UserService.h */ = {isa = PBXFileReference; fileEncoding = 4; lastKnownFileType = sourcecode.c.h; path = UserService.h; sourceTree = "<group>"; };
		DC7917E91C567CE000BB3FA9 /* UserService.m */ = {isa = PBXFileReference; fileEncoding = 4; lastKnownFileType = sourcecode.c.objc; path = UserService.m; sourceTree = "<group>"; };
		DC8BA9FA1C703EEF00184CD8 /* AccountRegister.h */ = {isa = PBXFileReference; fileEncoding = 4; lastKnownFileType = sourcecode.c.h; path = AccountRegister.h; sourceTree = "<group>"; };
		DC8BA9FB1C703EEF00184CD8 /* AccountRegister.m */ = {isa = PBXFileReference; fileEncoding = 4; lastKnownFileType = sourcecode.c.objc; path = AccountRegister.m; sourceTree = "<group>"; };
		DC992D9C1C46947400382DFB /* PsychologyApp.app */ = {isa = PBXFileReference; explicitFileType = wrapper.application; includeInIndex = 0; path = PsychologyApp.app; sourceTree = BUILT_PRODUCTS_DIR; };
		DC992DA01C46947400382DFB /* main.m */ = {isa = PBXFileReference; lastKnownFileType = sourcecode.c.objc; path = main.m; sourceTree = "<group>"; };
		DC992DA21C46947400382DFB /* AppDelegate.h */ = {isa = PBXFileReference; lastKnownFileType = sourcecode.c.h; path = AppDelegate.h; sourceTree = "<group>"; };
		DC992DA31C46947400382DFB /* AppDelegate.m */ = {isa = PBXFileReference; lastKnownFileType = sourcecode.c.objc; path = AppDelegate.m; sourceTree = "<group>"; };
		DC992DAB1C46947400382DFB /* Assets.xcassets */ = {isa = PBXFileReference; lastKnownFileType = folder.assetcatalog; path = Assets.xcassets; sourceTree = "<group>"; };
		DC992DAE1C46947400382DFB /* Base */ = {isa = PBXFileReference; lastKnownFileType = file.storyboard; name = Base; path = Base.lproj/LaunchScreen.storyboard; sourceTree = "<group>"; };
		DC992DB01C46947400382DFB /* Info.plist */ = {isa = PBXFileReference; lastKnownFileType = text.plist.xml; path = Info.plist; sourceTree = "<group>"; };
		DC992DB51C46947400382DFB /* PsychologyAppTests.xctest */ = {isa = PBXFileReference; explicitFileType = wrapper.cfbundle; includeInIndex = 0; path = PsychologyAppTests.xctest; sourceTree = BUILT_PRODUCTS_DIR; };
		DC992DB91C46947400382DFB /* PsychologyAppTests.m */ = {isa = PBXFileReference; lastKnownFileType = sourcecode.c.objc; path = PsychologyAppTests.m; sourceTree = "<group>"; };
		DC992DBB1C46947400382DFB /* Info.plist */ = {isa = PBXFileReference; lastKnownFileType = text.plist.xml; path = Info.plist; sourceTree = "<group>"; };
		DC992DC01C46947400382DFB /* PsychologyAppUITests.xctest */ = {isa = PBXFileReference; explicitFileType = wrapper.cfbundle; includeInIndex = 0; path = PsychologyAppUITests.xctest; sourceTree = BUILT_PRODUCTS_DIR; };
		DC992DC41C46947400382DFB /* PsychologyAppUITests.m */ = {isa = PBXFileReference; lastKnownFileType = sourcecode.c.objc; path = PsychologyAppUITests.m; sourceTree = "<group>"; };
		DC992DC61C46947400382DFB /* Info.plist */ = {isa = PBXFileReference; lastKnownFileType = text.plist.xml; path = Info.plist; sourceTree = "<group>"; };
		DC992DDE1C46A04200382DFB /* MineController.h */ = {isa = PBXFileReference; fileEncoding = 4; lastKnownFileType = sourcecode.c.h; path = MineController.h; sourceTree = "<group>"; };
		DC992DDF1C46A04200382DFB /* MineController.m */ = {isa = PBXFileReference; fileEncoding = 4; lastKnownFileType = sourcecode.c.objc; path = MineController.m; sourceTree = "<group>"; };
		DC992DE21C46B59E00382DFB /* Base */ = {isa = PBXFileReference; lastKnownFileType = file.storyboard; name = Base; path = Base.lproj/Main.storyboard; sourceTree = "<group>"; };
		DC9DEF041C74861500C1A1AE /* UIImageView+WebRequest.h */ = {isa = PBXFileReference; fileEncoding = 4; lastKnownFileType = sourcecode.c.h; path = "UIImageView+WebRequest.h"; sourceTree = "<group>"; };
		DC9DEF051C74861500C1A1AE /* UIImageView+WebRequest.m */ = {isa = PBXFileReference; fileEncoding = 4; lastKnownFileType = sourcecode.c.objc; path = "UIImageView+WebRequest.m"; sourceTree = "<group>"; };
		DC9DEF0B1C7486A800C1A1AE /* AppService.h */ = {isa = PBXFileReference; fileEncoding = 4; lastKnownFileType = sourcecode.c.h; path = AppService.h; sourceTree = "<group>"; };
		DC9DEF0C1C7486A800C1A1AE /* AppService.m */ = {isa = PBXFileReference; fileEncoding = 4; lastKnownFileType = sourcecode.c.objc; path = AppService.m; sourceTree = "<group>"; };
		DC9DEF111C74881100C1A1AE /* SplashScreen.h */ = {isa = PBXFileReference; fileEncoding = 4; lastKnownFileType = sourcecode.c.h; path = SplashScreen.h; sourceTree = "<group>"; };
		DC9DEF121C74881100C1A1AE /* SplashScreen.m */ = {isa = PBXFileReference; fileEncoding = 4; lastKnownFileType = sourcecode.c.objc; path = SplashScreen.m; sourceTree = "<group>"; };
		DCFECA771C787AFE000A4BC9 /* 1.png */ = {isa = PBXFileReference; lastKnownFileType = image.png; path = 1.png; sourceTree = "<group>"; };
		DCFECA781C787AFE000A4BC9 /* 2.png */ = {isa = PBXFileReference; lastKnownFileType = image.png; path = 2.png; sourceTree = "<group>"; };
		DCFECA791C787AFE000A4BC9 /* 3.jpg */ = {isa = PBXFileReference; lastKnownFileType = image.jpeg; path = 3.jpg; sourceTree = "<group>"; };
		DCFECA7A1C787AFE000A4BC9 /* 4.jpg */ = {isa = PBXFileReference; lastKnownFileType = image.jpeg; path = 4.jpg; sourceTree = "<group>"; };
		DCFECA7F1C787B08000A4BC9 /* pageView@2x.png */ = {isa = PBXFileReference; lastKnownFileType = image.png; path = "pageView@2x.png"; sourceTree = "<group>"; };
		DCFECA831C787B52000A4BC9 /* MJBannnerPlayer.h */ = {isa = PBXFileReference; fileEncoding = 4; lastKnownFileType = sourcecode.c.h; path = MJBannnerPlayer.h; sourceTree = "<group>"; };
		DCFECA841C787B52000A4BC9 /* MJBannnerPlayer.m */ = {isa = PBXFileReference; fileEncoding = 4; lastKnownFileType = sourcecode.c.objc; path = MJBannnerPlayer.m; sourceTree = "<group>"; };
		DCFECA881C78860A000A4BC9 /* ImageAndTitleCell.h */ = {isa = PBXFileReference; fileEncoding = 4; lastKnownFileType = sourcecode.c.h; path = ImageAndTitleCell.h; sourceTree = "<group>"; };
		DCFECA891C78860A000A4BC9 /* ImageAndTitleCell.m */ = {isa = PBXFileReference; fileEncoding = 4; lastKnownFileType = sourcecode.c.objc; path = ImageAndTitleCell.m; sourceTree = "<group>"; };
		DCFECA8A1C78860A000A4BC9 /* ImageAndTitleCell.xib */ = {isa = PBXFileReference; fileEncoding = 4; lastKnownFileType = file.xib; path = ImageAndTitleCell.xib; sourceTree = "<group>"; };
		DCFECA8F1C78BA05000A4BC9 /* ArticleAndTestCell.h */ = {isa = PBXFileReference; fileEncoding = 4; lastKnownFileType = sourcecode.c.h; path = ArticleAndTestCell.h; sourceTree = "<group>"; };
		DCFECA901C78BA05000A4BC9 /* ArticleAndTestCell.m */ = {isa = PBXFileReference; fileEncoding = 4; lastKnownFileType = sourcecode.c.objc; path = ArticleAndTestCell.m; sourceTree = "<group>"; };
		DCFECA911C78BA05000A4BC9 /* ArticleAndTestCell.xib */ = {isa = PBXFileReference; fileEncoding = 4; lastKnownFileType = file.xib; path = ArticleAndTestCell.xib; sourceTree = "<group>"; };
/* End PBXFileReference section */

/* Begin PBXFrameworksBuildPhase section */
		DC992D991C46947400382DFB /* Frameworks */ = {
			isa = PBXFrameworksBuildPhase;
			buildActionMask = 2147483647;
			files = (
				184F1243EDB74A828314F2AE /* libPods-PsychologyApp.a in Frameworks */,
			);
			runOnlyForDeploymentPostprocessing = 0;
		};
		DC992DB21C46947400382DFB /* Frameworks */ = {
			isa = PBXFrameworksBuildPhase;
			buildActionMask = 2147483647;
			files = (
			);
			runOnlyForDeploymentPostprocessing = 0;
		};
		DC992DBD1C46947400382DFB /* Frameworks */ = {
			isa = PBXFrameworksBuildPhase;
			buildActionMask = 2147483647;
			files = (
			);
			runOnlyForDeploymentPostprocessing = 0;
		};
/* End PBXFrameworksBuildPhase section */

/* Begin PBXGroup section */
		06CDA7029031B44D40FAF79A /* Pods */ = {
			isa = PBXGroup;
			children = (
				8900394E29DB661B93AC5989 /* Pods-PsychologyApp.debug.xcconfig */,
				2243071602447811C20C3E26 /* Pods-PsychologyApp.release.xcconfig */,
			);
			name = Pods;
			sourceTree = "<group>";
		};
		DC022B121C47E18C00D3FB61 /* Account */ = {
			isa = PBXGroup;
			children = (
				DC022B131C47E1A500D3FB61 /* AccountLogin.h */,
				DC022B141C47E1A500D3FB61 /* AccountLogin.m */,
				DC8BA9FA1C703EEF00184CD8 /* AccountRegister.h */,
				DC8BA9FB1C703EEF00184CD8 /* AccountRegister.m */,
			);
			name = Account;
			sourceTree = "<group>";
		};
		DC022B181C4810C900D3FB61 /* UI+externds */ = {
			isa = PBXGroup;
			children = (
				DC022B191C48110800D3FB61 /* GMToast.h */,
				DC022B1A1C48110800D3FB61 /* GMToast.m */,
			);
			name = "UI+externds";
			sourceTree = "<group>";
		};
		DC0FCD621C76035100E5AF6F /* Setting */ = {
			isa = PBXGroup;
			children = (
				DC0FCD631C76038F00E5AF6F /* MineSetting.h */,
				DC0FCD641C76038F00E5AF6F /* MineSetting.m */,
			);
			name = Setting;
			sourceTree = "<group>";
		};
		DC0FCD681C760D7300E5AF6F /* Feedback */ = {
			isa = PBXGroup;
			children = (
				DC0FCD691C760D8600E5AF6F /* MineFeedback.h */,
				DC0FCD6A1C760D8600E5AF6F /* MineFeedback.m */,
			);
			name = Feedback;
			sourceTree = "<group>";
		};
		DC0FCD6C1C760E8800E5AF6F /* ShareFriend */ = {
			isa = PBXGroup;
			children = (
				DC0FCD6D1C760EAF00E5AF6F /* MineShareFriend.h */,
				DC0FCD6E1C760EAF00E5AF6F /* MineShareFriend.m */,
			);
			name = ShareFriend;
			sourceTree = "<group>";
		};
		DC0FCD701C760ED900E5AF6F /* Attention/fan */ = {
			isa = PBXGroup;
			children = (
				DC0FCD711C760EF400E5AF6F /* MineAttentionOrFan.h */,
				DC0FCD721C760EF400E5AF6F /* MineAttentionOrFan.m */,
			);
			name = Attention/fan;
			sourceTree = "<group>";
		};
		DC0FCD741C76116400E5AF6F /* Edit Profile */ = {
			isa = PBXGroup;
			children = (
				DC0FCD751C76117300E5AF6F /* MineEditProfile.h */,
				DC0FCD761C76117300E5AF6F /* MineEditProfile.m */,
			);
			name = "Edit Profile";
			sourceTree = "<group>";
		};
		DC0FCD781C76119300E5AF6F /* Consulting expert */ = {
			isa = PBXGroup;
			children = (
				DC0FCD791C7611A700E5AF6F /* MineConsultingexpert.h */,
				DC0FCD7A1C7611A700E5AF6F /* MineConsultingexpert.m */,
			);
			name = "Consulting expert";
			sourceTree = "<group>";
		};
		DC0FCD7C1C76135100E5AF6F /* Article */ = {
			isa = PBXGroup;
			children = (
				DC0FCD7D1C76136100E5AF6F /* MineArticle.h */,
				DC0FCD7E1C76136100E5AF6F /* MineArticle.m */,
			);
			name = Article;
			sourceTree = "<group>";
		};
		DC0FCD801C76137E00E5AF6F /* Q&A */ = {
			isa = PBXGroup;
			children = (
				DC0FCD811C76139200E5AF6F /* MineQA.h */,
				DC0FCD821C76139200E5AF6F /* MineQA.m */,
			);
			name = "Q&A";
			sourceTree = "<group>";
		};
		DC0FCD841C76139900E5AF6F /* Test */ = {
			isa = PBXGroup;
			children = (
				DC0FCD851C7613A900E5AF6F /* MineTest.h */,
				DC0FCD861C7613A900E5AF6F /* MineTest.m */,
			);
			name = Test;
			sourceTree = "<group>";
		};
		DC0FCD881C7613B400E5AF6F /* Collection */ = {
			isa = PBXGroup;
			children = (
				DC0FCD891C7613D400E5AF6F /* MineCollection.h */,
				DC0FCD8A1C7613D400E5AF6F /* MineCollection.m */,
			);
			name = Collection;
			sourceTree = "<group>";
		};
		DC0FCD8C1C7615B400E5AF6F /* Message Center */ = {
			isa = PBXGroup;
			children = (
				DC0FCD8D1C7615D300E5AF6F /* MineMessageCenter.h */,
				DC0FCD8E1C7615D300E5AF6F /* MineMessageCenter.m */,
			);
			name = "Message Center";
			sourceTree = "<group>";
		};
		DC0FCD901C7615E800E5AF6F /* Booking Management */ = {
			isa = PBXGroup;
			children = (
				DC0FCD911C7615F800E5AF6F /* MineBookingManagement.h */,
				DC0FCD921C7615F800E5AF6F /* MineBookingManagement.m */,
			);
			name = "Booking Management";
			sourceTree = "<group>";
		};
		DC10FD6E1C76238D004ED442 /* MainIndex */ = {
			isa = PBXGroup;
			children = (
				DC0FCD941C76227700E5AF6F /* MainIndex.h */,
				DC0FCD951C76227700E5AF6F /* MainIndex.m */,
			);
			name = MainIndex;
			sourceTree = "<group>";
		};
		DC10FD6F1C76248E004ED442 /* home page */ = {
			isa = PBXGroup;
			children = (
				DC10FD701C7624CD004ED442 /* MainHomePage.h */,
				DC10FD711C7624CD004ED442 /* MainHomePage.m */,
			);
			name = "home page";
			sourceTree = "<group>";
		};
		DC10FD741C7624E7004ED442 /* Reading */ = {
			isa = PBXGroup;
			children = (
				DC10FD751C762501004ED442 /* MainReading.h */,
				DC10FD761C762501004ED442 /* MainReading.m */,
			);
			name = Reading;
			sourceTree = "<group>";
		};
		DC10FD781C76251D004ED442 /* Q&A */ = {
			isa = PBXGroup;
			children = (
				DC10FD791C762530004ED442 /* MainQA.h */,
				DC10FD7A1C762530004ED442 /* MainQA.m */,
			);
			name = "Q&A";
			sourceTree = "<group>";
		};
		DC10FD7C1C762539004ED442 /* consult */ = {
			isa = PBXGroup;
			children = (
				DC10FD7D1C762546004ED442 /* MainConsult.h */,
				DC10FD7E1C762546004ED442 /* MainConsult.m */,
			);
			name = consult;
			sourceTree = "<group>";
		};
		DC207FE41C564D820011D8C4 /* external */ = {
			isa = PBXGroup;
			children = (
				DC207FE51C564DDF0011D8C4 /* UI+subclass */,
			);
			name = external;
			sourceTree = "<group>";
		};
		DC207FE51C564DDF0011D8C4 /* UI+subclass */ = {
			isa = PBXGroup;
			children = (
				DC60BD4A1C7052C100CFDC56 /* VCButton.h */,
				DC60BD4B1C7052C100CFDC56 /* VCButton.m */,
				DC60BD351C704EB900CFDC56 /* VCLoading.h */,
				DC60BD361C704EB900CFDC56 /* VCLoading.m */,
				DC60BD371C704EB900CFDC56 /* VCLoading.xib */,
				DC60BD381C704EB900CFDC56 /* VCToast.h */,
				DC60BD391C704EB900CFDC56 /* VCToast.m */,
				DC60BD3A1C704EB900CFDC56 /* VCView.h */,
				DC60BD3B1C704EB900CFDC56 /* VCView.m */,
				DC60BD3C1C704EB900CFDC56 /* VCViewLine.h */,
				DC60BD3D1C704EB900CFDC56 /* VCViewLine.m */,
			);
			name = "UI+subclass";
			sourceTree = "<group>";
		};
		DC60BD431C704F0D00CFDC56 /* helper */ = {
			isa = PBXGroup;
			children = (
				DC60BD441C704F1900CFDC56 /* Helper+Time.h */,
				DC60BD451C704F1900CFDC56 /* Helper+Time.m */,
				DC60BD471C704F2F00CFDC56 /* Helper.h */,
				DC60BD481C704F2F00CFDC56 /* Helper.m */,
			);
			name = helper;
			sourceTree = "<group>";
		};
		DC7917E01C5671B500BB3FA9 /* services */ = {
			isa = PBXGroup;
			children = (
				DC9DEF0A1C74869300C1A1AE /* app */,
				DC7917E41C567BD200BB3FA9 /* accounts */,
				DC7917E51C567C3400BB3FA9 /* RestStructRequest.h */,
				DC7917E61C567C3400BB3FA9 /* RestStructRequest.m */,
				DC60BD531C70616700CFDC56 /* RestStructResponse.h */,
				DC60BD541C70616700CFDC56 /* RestStructResponse.m */,
				DC7917E11C5671DF00BB3FA9 /* RestInterface.h */,
				DC7917E21C5671DF00BB3FA9 /* RestInterface.m */,
				DC60BD4D1C70573300CFDC56 /* HostManager.h */,
				DC60BD4E1C70573300CFDC56 /* HostManager.m */,
				DC60BD561C7063CD00CFDC56 /* ServiceManager.h */,
				DC60BD571C7063CD00CFDC56 /* ServiceManager.m */,
				DC60BD591C70643500CFDC56 /* Service.h */,
				DC60BD5A1C70643500CFDC56 /* Service.m */,
			);
			name = services;
			sourceTree = "<group>";
		};
		DC7917E41C567BD200BB3FA9 /* accounts */ = {
			isa = PBXGroup;
			children = (
				DC7917E81C567CE000BB3FA9 /* UserService.h */,
				DC7917E91C567CE000BB3FA9 /* UserService.m */,
			);
			name = accounts;
			sourceTree = "<group>";
		};
		DC992D931C46947400382DFB = {
			isa = PBXGroup;
			children = (
				DC992D9E1C46947400382DFB /* PsychologyApp */,
				DC992DB81C46947400382DFB /* PsychologyAppTests */,
				DC992DC31C46947400382DFB /* PsychologyAppUITests */,
				DC992D9D1C46947400382DFB /* Products */,
				06CDA7029031B44D40FAF79A /* Pods */,
				DF0A591797B8082647A87384 /* Frameworks */,
			);
			sourceTree = "<group>";
		};
		DC992D9D1C46947400382DFB /* Products */ = {
			isa = PBXGroup;
			children = (
				DC992D9C1C46947400382DFB /* PsychologyApp.app */,
				DC992DB51C46947400382DFB /* PsychologyAppTests.xctest */,
				DC992DC01C46947400382DFB /* PsychologyAppUITests.xctest */,
			);
			name = Products;
			sourceTree = "<group>";
		};
		DC992D9E1C46947400382DFB /* PsychologyApp */ = {
			isa = PBXGroup;
			children = (
				DC207FE91C564E9C0011D8C4 /* AppDefinition.h */,
				DC992DA21C46947400382DFB /* AppDelegate.h */,
				DC992DA31C46947400382DFB /* AppDelegate.m */,
				DC992DD21C46959000382DFB /* storyboards */,
				DC992DD31C46959800382DFB /* controllers */,
				DC7917E01C5671B500BB3FA9 /* services */,
				DC992DD41C4695A500382DFB /* models */,
				DC207FE41C564D820011D8C4 /* external */,
				DC992DD51C46970100382DFB /* libraries */,
				DC9DEF031C74860700C1A1AE /* Categories */,
				DCFECA811C787B33000A4BC9 /* framwork */,
				DCFECA8D1C78B901000A4BC9 /* component */,
				DC992D9F1C46947400382DFB /* Supporting Files */,
			);
			path = PsychologyApp;
			sourceTree = "<group>";
		};
		DC992D9F1C46947400382DFB /* Supporting Files */ = {
			isa = PBXGroup;
			children = (
				DCFECA7F1C787B08000A4BC9 /* pageView@2x.png */,
				DCFECA771C787AFE000A4BC9 /* 1.png */,
				DCFECA781C787AFE000A4BC9 /* 2.png */,
				DCFECA791C787AFE000A4BC9 /* 3.jpg */,
				DCFECA7A1C787AFE000A4BC9 /* 4.jpg */,
				DC992DAB1C46947400382DFB /* Assets.xcassets */,
				DC992DAD1C46947400382DFB /* LaunchScreen.storyboard */,
				DC992DB01C46947400382DFB /* Info.plist */,
				DC992DA01C46947400382DFB /* main.m */,
			);
			name = "Supporting Files";
			sourceTree = "<group>";
		};
		DC992DB81C46947400382DFB /* PsychologyAppTests */ = {
			isa = PBXGroup;
			children = (
				DC992DB91C46947400382DFB /* PsychologyAppTests.m */,
				DC992DBB1C46947400382DFB /* Info.plist */,
			);
			path = PsychologyAppTests;
			sourceTree = "<group>";
		};
		DC992DC31C46947400382DFB /* PsychologyAppUITests */ = {
			isa = PBXGroup;
			children = (
				DC992DC41C46947400382DFB /* PsychologyAppUITests.m */,
				DC992DC61C46947400382DFB /* Info.plist */,
			);
			path = PsychologyAppUITests;
			sourceTree = "<group>";
		};
		DC992DD21C46959000382DFB /* storyboards */ = {
			isa = PBXGroup;
			children = (
				DC992DE11C46B59E00382DFB /* Main.storyboard */,
				DC022B161C47E86D00D3FB61 /* Account.storyboard */,
				DC0FCD661C7603AC00E5AF6F /* Mine.storyboard */,
			);
			name = storyboards;
			sourceTree = "<group>";
		};
		DC992DD31C46959800382DFB /* controllers */ = {
			isa = PBXGroup;
			children = (
				DC992DDB1C469ADA00382DFB /* splashScreen */,
				DC022B121C47E18C00D3FB61 /* Account */,
				DC992DDD1C46A00400382DFB /* Mine */,
				DC10FD7C1C762539004ED442 /* consult */,
				DC10FD781C76251D004ED442 /* Q&A */,
				DC10FD741C7624E7004ED442 /* Reading */,
				DC10FD6F1C76248E004ED442 /* home page */,
				DC992DDA1C469AD600382DFB /* main */,
			);
			name = controllers;
			sourceTree = "<group>";
		};
		DC992DD41C4695A500382DFB /* models */ = {
			isa = PBXGroup;
			children = (
			);
			name = models;
			sourceTree = "<group>";
		};
		DC992DD51C46970100382DFB /* libraries */ = {
			isa = PBXGroup;
			children = (
				DC60BD431C704F0D00CFDC56 /* helper */,
				DC022B181C4810C900D3FB61 /* UI+externds */,
			);
			name = libraries;
			sourceTree = "<group>";
		};
		DC992DDA1C469AD600382DFB /* main */ = {
			isa = PBXGroup;
			children = (
				DC10FD6E1C76238D004ED442 /* MainIndex */,
				DC0FCD971C7622B500E5AF6F /* MainController.h */,
				DC0FCD981C7622B500E5AF6F /* MainController.m */,
			);
			name = main;
			sourceTree = "<group>";
		};
		DC992DDB1C469ADA00382DFB /* splashScreen */ = {
			isa = PBXGroup;
			children = (
				DC9DEF111C74881100C1A1AE /* SplashScreen.h */,
				DC9DEF121C74881100C1A1AE /* SplashScreen.m */,
			);
			name = splashScreen;
			sourceTree = "<group>";
		};
		DC992DDD1C46A00400382DFB /* Mine */ = {
			isa = PBXGroup;
			children = (
				DC0FCD901C7615E800E5AF6F /* Booking Management */,
				DC0FCD8C1C7615B400E5AF6F /* Message Center */,
				DC0FCD881C7613B400E5AF6F /* Collection */,
				DC0FCD841C76139900E5AF6F /* Test */,
				DC0FCD801C76137E00E5AF6F /* Q&A */,
				DC0FCD7C1C76135100E5AF6F /* Article */,
				DC0FCD781C76119300E5AF6F /* Consulting expert */,
				DC0FCD741C76116400E5AF6F /* Edit Profile */,
				DC0FCD701C760ED900E5AF6F /* Attention/fan */,
				DC0FCD6C1C760E8800E5AF6F /* ShareFriend */,
				DC0FCD681C760D7300E5AF6F /* Feedback */,
				DC0FCD621C76035100E5AF6F /* Setting */,
				DC992DDE1C46A04200382DFB /* MineController.h */,
				DC992DDF1C46A04200382DFB /* MineController.m */,
				DC022B0F1C47DCC100D3FB61 /* FLTableViewCell.h */,
				DC022B101C47DCC100D3FB61 /* FLTableViewCell.m */,
			);
			name = Mine;
			sourceTree = "<group>";
		};
		DC9DEF031C74860700C1A1AE /* Categories */ = {
			isa = PBXGroup;
			children = (
				DC9DEF041C74861500C1A1AE /* UIImageView+WebRequest.h */,
				DC9DEF051C74861500C1A1AE /* UIImageView+WebRequest.m */,
			);
			name = Categories;
			sourceTree = "<group>";
		};
		DC9DEF0A1C74869300C1A1AE /* app */ = {
			isa = PBXGroup;
			children = (
				DC9DEF0B1C7486A800C1A1AE /* AppService.h */,
				DC9DEF0C1C7486A800C1A1AE /* AppService.m */,
			);
			name = app;
			sourceTree = "<group>";
		};
		DCFECA811C787B33000A4BC9 /* framwork */ = {
			isa = PBXGroup;
			children = (
				DCFECA821C787B40000A4BC9 /* pictures player */,
			);
			name = framwork;
			sourceTree = "<group>";
		};
		DCFECA821C787B40000A4BC9 /* pictures player */ = {
			isa = PBXGroup;
			children = (
				DCFECA831C787B52000A4BC9 /* MJBannnerPlayer.h */,
				DCFECA841C787B52000A4BC9 /* MJBannnerPlayer.m */,
			);
			name = "pictures player";
			sourceTree = "<group>";
		};
		DCFECA871C7885BD000A4BC9 /* homepageImageAndTitleCell */ = {
			isa = PBXGroup;
			children = (
				DCFECA881C78860A000A4BC9 /* ImageAndTitleCell.h */,
				DCFECA891C78860A000A4BC9 /* ImageAndTitleCell.m */,
				DCFECA8A1C78860A000A4BC9 /* ImageAndTitleCell.xib */,
			);
			name = homepageImageAndTitleCell;
			sourceTree = "<group>";
		};
		DCFECA8D1C78B901000A4BC9 /* component */ = {
			isa = PBXGroup;
			children = (
				DCFECA8E1C78B9A9000A4BC9 /* homepageArticleAndTest */,
				DCFECA871C7885BD000A4BC9 /* homepageImageAndTitleCell */,
			);
			name = component;
			sourceTree = "<group>";
		};
		DCFECA8E1C78B9A9000A4BC9 /* homepageArticleAndTest */ = {
			isa = PBXGroup;
			children = (
				DCFECA8F1C78BA05000A4BC9 /* ArticleAndTestCell.h */,
				DCFECA901C78BA05000A4BC9 /* ArticleAndTestCell.m */,
				DCFECA911C78BA05000A4BC9 /* ArticleAndTestCell.xib */,
			);
			name = homepageArticleAndTest;
			sourceTree = "<group>";
		};
		DF0A591797B8082647A87384 /* Frameworks */ = {
			isa = PBXGroup;
			children = (
				50D03B2D88032C5AE65A73AF /* libPods-PsychologyApp.a */,
			);
			name = Frameworks;
			sourceTree = "<group>";
		};
/* End PBXGroup section */

/* Begin PBXNativeTarget section */
		DC992D9B1C46947400382DFB /* PsychologyApp */ = {
			isa = PBXNativeTarget;
			buildConfigurationList = DC992DC91C46947400382DFB /* Build configuration list for PBXNativeTarget "PsychologyApp" */;
			buildPhases = (
				B7F8089BD569E6B4DB5E5F42 /* Check Pods Manifest.lock */,
				DC992D981C46947400382DFB /* Sources */,
				DC992D991C46947400382DFB /* Frameworks */,
				DC992D9A1C46947400382DFB /* Resources */,
				8500D679D83139DB26783C59 /* Embed Pods Frameworks */,
				C5AEFE36584D5488555A91AF /* Copy Pods Resources */,
			);
			buildRules = (
			);
			dependencies = (
			);
			name = PsychologyApp;
			productName = PsychologyApp;
			productReference = DC992D9C1C46947400382DFB /* PsychologyApp.app */;
			productType = "com.apple.product-type.application";
		};
		DC992DB41C46947400382DFB /* PsychologyAppTests */ = {
			isa = PBXNativeTarget;
			buildConfigurationList = DC992DCC1C46947400382DFB /* Build configuration list for PBXNativeTarget "PsychologyAppTests" */;
			buildPhases = (
				DC992DB11C46947400382DFB /* Sources */,
				DC992DB21C46947400382DFB /* Frameworks */,
				DC992DB31C46947400382DFB /* Resources */,
			);
			buildRules = (
			);
			dependencies = (
				DC992DB71C46947400382DFB /* PBXTargetDependency */,
			);
			name = PsychologyAppTests;
			productName = PsychologyAppTests;
			productReference = DC992DB51C46947400382DFB /* PsychologyAppTests.xctest */;
			productType = "com.apple.product-type.bundle.unit-test";
		};
		DC992DBF1C46947400382DFB /* PsychologyAppUITests */ = {
			isa = PBXNativeTarget;
			buildConfigurationList = DC992DCF1C46947400382DFB /* Build configuration list for PBXNativeTarget "PsychologyAppUITests" */;
			buildPhases = (
				DC992DBC1C46947400382DFB /* Sources */,
				DC992DBD1C46947400382DFB /* Frameworks */,
				DC992DBE1C46947400382DFB /* Resources */,
			);
			buildRules = (
			);
			dependencies = (
				DC992DC21C46947400382DFB /* PBXTargetDependency */,
			);
			name = PsychologyAppUITests;
			productName = PsychologyAppUITests;
			productReference = DC992DC01C46947400382DFB /* PsychologyAppUITests.xctest */;
			productType = "com.apple.product-type.bundle.ui-testing";
		};
/* End PBXNativeTarget section */

/* Begin PBXProject section */
		DC992D941C46947400382DFB /* Project object */ = {
			isa = PBXProject;
			attributes = {
				LastUpgradeCheck = 0720;
				ORGANIZATIONNAME = felix;
				TargetAttributes = {
					DC992D9B1C46947400382DFB = {
						CreatedOnToolsVersion = 7.2;
						DevelopmentTeam = D2XBEJ6876;
					};
					DC992DB41C46947400382DFB = {
						CreatedOnToolsVersion = 7.2;
						TestTargetID = DC992D9B1C46947400382DFB;
					};
					DC992DBF1C46947400382DFB = {
						CreatedOnToolsVersion = 7.2;
						TestTargetID = DC992D9B1C46947400382DFB;
					};
				};
			};
			buildConfigurationList = DC992D971C46947400382DFB /* Build configuration list for PBXProject "PsychologyApp" */;
			compatibilityVersion = "Xcode 3.2";
			developmentRegion = English;
			hasScannedForEncodings = 0;
			knownRegions = (
				en,
				Base,
			);
			mainGroup = DC992D931C46947400382DFB;
			productRefGroup = DC992D9D1C46947400382DFB /* Products */;
			projectDirPath = "";
			projectRoot = "";
			targets = (
				DC992D9B1C46947400382DFB /* PsychologyApp */,
				DC992DB41C46947400382DFB /* PsychologyAppTests */,
				DC992DBF1C46947400382DFB /* PsychologyAppUITests */,
			);
		};
/* End PBXProject section */

/* Begin PBXResourcesBuildPhase section */
		DC992D9A1C46947400382DFB /* Resources */ = {
			isa = PBXResourcesBuildPhase;
			buildActionMask = 2147483647;
			files = (
				DCFECA7D1C787AFE000A4BC9 /* 3.jpg in Resources */,
				DC992DE31C46B59E00382DFB /* Main.storyboard in Resources */,
				DC992DAF1C46947400382DFB /* LaunchScreen.storyboard in Resources */,
				DCFECA7C1C787AFE000A4BC9 /* 2.png in Resources */,
				DC022B171C47E86D00D3FB61 /* Account.storyboard in Resources */,
				DCFECA801C787B08000A4BC9 /* pageView@2x.png in Resources */,
				DC0FCD671C7603AC00E5AF6F /* Mine.storyboard in Resources */,
				DC60BD3F1C704EB900CFDC56 /* VCLoading.xib in Resources */,
				DC992DAC1C46947400382DFB /* Assets.xcassets in Resources */,
				DCFECA7E1C787AFE000A4BC9 /* 4.jpg in Resources */,
				DCFECA931C78BA05000A4BC9 /* ArticleAndTestCell.xib in Resources */,
				DCFECA8C1C78860A000A4BC9 /* ImageAndTitleCell.xib in Resources */,
				DCFECA7B1C787AFE000A4BC9 /* 1.png in Resources */,
			);
			runOnlyForDeploymentPostprocessing = 0;
		};
		DC992DB31C46947400382DFB /* Resources */ = {
			isa = PBXResourcesBuildPhase;
			buildActionMask = 2147483647;
			files = (
			);
			runOnlyForDeploymentPostprocessing = 0;
		};
		DC992DBE1C46947400382DFB /* Resources */ = {
			isa = PBXResourcesBuildPhase;
			buildActionMask = 2147483647;
			files = (
			);
			runOnlyForDeploymentPostprocessing = 0;
		};
/* End PBXResourcesBuildPhase section */

/* Begin PBXShellScriptBuildPhase section */
		8500D679D83139DB26783C59 /* Embed Pods Frameworks */ = {
			isa = PBXShellScriptBuildPhase;
			buildActionMask = 2147483647;
			files = (
			);
			inputPaths = (
			);
			name = "Embed Pods Frameworks";
			outputPaths = (
			);
			runOnlyForDeploymentPostprocessing = 0;
			shellPath = /bin/sh;
			shellScript = "\"${SRCROOT}/Pods/Target Support Files/Pods-PsychologyApp/Pods-PsychologyApp-frameworks.sh\"\n";
			showEnvVarsInLog = 0;
		};
		B7F8089BD569E6B4DB5E5F42 /* Check Pods Manifest.lock */ = {
			isa = PBXShellScriptBuildPhase;
			buildActionMask = 2147483647;
			files = (
			);
			inputPaths = (
			);
			name = "Check Pods Manifest.lock";
			outputPaths = (
			);
			runOnlyForDeploymentPostprocessing = 0;
			shellPath = /bin/sh;
			shellScript = "diff \"${PODS_ROOT}/../Podfile.lock\" \"${PODS_ROOT}/Manifest.lock\" > /dev/null\nif [[ $? != 0 ]] ; then\n    cat << EOM\nerror: The sandbox is not in sync with the Podfile.lock. Run 'pod install' or update your CocoaPods installation.\nEOM\n    exit 1\nfi\n";
			showEnvVarsInLog = 0;
		};
		C5AEFE36584D5488555A91AF /* Copy Pods Resources */ = {
			isa = PBXShellScriptBuildPhase;
			buildActionMask = 2147483647;
			files = (
			);
			inputPaths = (
			);
			name = "Copy Pods Resources";
			outputPaths = (
			);
			runOnlyForDeploymentPostprocessing = 0;
			shellPath = /bin/sh;
			shellScript = "\"${SRCROOT}/Pods/Target Support Files/Pods-PsychologyApp/Pods-PsychologyApp-resources.sh\"\n";
			showEnvVarsInLog = 0;
		};
/* End PBXShellScriptBuildPhase section */

/* Begin PBXSourcesBuildPhase section */
		DC992D981C46947400382DFB /* Sources */ = {
			isa = PBXSourcesBuildPhase;
			buildActionMask = 2147483647;
			files = (
				DCFECA921C78BA05000A4BC9 /* ArticleAndTestCell.m in Sources */,
				DC0FCD961C76227700E5AF6F /* MainIndex.m in Sources */,
				DC9DEF0D1C7486A800C1A1AE /* AppService.m in Sources */,
				DC7917E31C5671DF00BB3FA9 /* RestInterface.m in Sources */,
				DC0FCD731C760EF400E5AF6F /* MineAttentionOrFan.m in Sources */,
				DC60BD581C7063CD00CFDC56 /* ServiceManager.m in Sources */,
				DC022B151C47E1A500D3FB61 /* AccountLogin.m in Sources */,
				DC60BD461C704F1900CFDC56 /* Helper+Time.m in Sources */,
				DC10FD771C762501004ED442 /* MainReading.m in Sources */,
				DC60BD5B1C70643500CFDC56 /* Service.m in Sources */,
				DC60BD421C704EB900CFDC56 /* VCViewLine.m in Sources */,
				DC022B1B1C48110800D3FB61 /* GMToast.m in Sources */,
				DC0FCD651C76038F00E5AF6F /* MineSetting.m in Sources */,
				DC7917EA1C567CE000BB3FA9 /* UserService.m in Sources */,
				DC10FD7F1C762546004ED442 /* MainConsult.m in Sources */,
				DC60BD491C704F2F00CFDC56 /* Helper.m in Sources */,
				DC0FCD8F1C7615D300E5AF6F /* MineMessageCenter.m in Sources */,
				DC0FCD6F1C760EAF00E5AF6F /* MineShareFriend.m in Sources */,
				DC60BD4F1C70573300CFDC56 /* HostManager.m in Sources */,
				DC60BD411C704EB900CFDC56 /* VCView.m in Sources */,
				DC0FCD931C7615F800E5AF6F /* MineBookingManagement.m in Sources */,
				DC7917E71C567C3400BB3FA9 /* RestStructRequest.m in Sources */,
				DC0FCD6B1C760D8600E5AF6F /* MineFeedback.m in Sources */,
				DC0FCD831C76139200E5AF6F /* MineQA.m in Sources */,
				DC992DA41C46947400382DFB /* AppDelegate.m in Sources */,
				DC0FCD8B1C7613D400E5AF6F /* MineCollection.m in Sources */,
				DC0FCD871C7613A900E5AF6F /* MineTest.m in Sources */,
				DC022B111C47DCC100D3FB61 /* FLTableViewCell.m in Sources */,
				DC8BA9FC1C703EEF00184CD8 /* AccountRegister.m in Sources */,
				DC10FD721C7624CD004ED442 /* MainHomePage.m in Sources */,
				DC0FCD7F1C76136100E5AF6F /* MineArticle.m in Sources */,
				DCFECA851C787B52000A4BC9 /* MJBannnerPlayer.m in Sources */,
				DC9DEF061C74861500C1A1AE /* UIImageView+WebRequest.m in Sources */,
				DC60BD3E1C704EB900CFDC56 /* VCLoading.m in Sources */,
				DC9DEF131C74881100C1A1AE /* SplashScreen.m in Sources */,
				DC0FCD771C76117300E5AF6F /* MineEditProfile.m in Sources */,
				DC60BD551C70616700CFDC56 /* RestStructResponse.m in Sources */,
				DC10FD7B1C762530004ED442 /* MainQA.m in Sources */,
				DC60BD401C704EB900CFDC56 /* VCToast.m in Sources */,
				DCFECA8B1C78860A000A4BC9 /* ImageAndTitleCell.m in Sources */,
				DC60BD4C1C7052C100CFDC56 /* VCButton.m in Sources */,
				DC992DE01C46A04200382DFB /* MineController.m in Sources */,
				DC992DA11C46947400382DFB /* main.m in Sources */,
				DC0FCD991C7622B500E5AF6F /* MainController.m in Sources */,
				DC0FCD7B1C7611A700E5AF6F /* MineConsultingexpert.m in Sources */,
			);
			runOnlyForDeploymentPostprocessing = 0;
		};
		DC992DB11C46947400382DFB /* Sources */ = {
			isa = PBXSourcesBuildPhase;
			buildActionMask = 2147483647;
			files = (
				DC992DBA1C46947400382DFB /* PsychologyAppTests.m in Sources */,
			);
			runOnlyForDeploymentPostprocessing = 0;
		};
		DC992DBC1C46947400382DFB /* Sources */ = {
			isa = PBXSourcesBuildPhase;
			buildActionMask = 2147483647;
			files = (
				DC992DC51C46947400382DFB /* PsychologyAppUITests.m in Sources */,
			);
			runOnlyForDeploymentPostprocessing = 0;
		};
/* End PBXSourcesBuildPhase section */

/* Begin PBXTargetDependency section */
		DC992DB71C46947400382DFB /* PBXTargetDependency */ = {
			isa = PBXTargetDependency;
			target = DC992D9B1C46947400382DFB /* PsychologyApp */;
			targetProxy = DC992DB61C46947400382DFB /* PBXContainerItemProxy */;
		};
		DC992DC21C46947400382DFB /* PBXTargetDependency */ = {
			isa = PBXTargetDependency;
			target = DC992D9B1C46947400382DFB /* PsychologyApp */;
			targetProxy = DC992DC11C46947400382DFB /* PBXContainerItemProxy */;
		};
/* End PBXTargetDependency section */

/* Begin PBXVariantGroup section */
		DC992DAD1C46947400382DFB /* LaunchScreen.storyboard */ = {
			isa = PBXVariantGroup;
			children = (
				DC992DAE1C46947400382DFB /* Base */,
			);
			name = LaunchScreen.storyboard;
			sourceTree = "<group>";
		};
		DC992DE11C46B59E00382DFB /* Main.storyboard */ = {
			isa = PBXVariantGroup;
			children = (
				DC992DE21C46B59E00382DFB /* Base */,
			);
			name = Main.storyboard;
			sourceTree = "<group>";
		};
/* End PBXVariantGroup section */

/* Begin XCBuildConfiguration section */
		DC992DC71C46947400382DFB /* Debug */ = {
			isa = XCBuildConfiguration;
			buildSettings = {
				ALWAYS_SEARCH_USER_PATHS = NO;
				CLANG_CXX_LANGUAGE_STANDARD = "gnu++0x";
				CLANG_CXX_LIBRARY = "libc++";
				CLANG_ENABLE_MODULES = YES;
				CLANG_ENABLE_OBJC_ARC = YES;
				CLANG_WARN_BOOL_CONVERSION = YES;
				CLANG_WARN_CONSTANT_CONVERSION = YES;
				CLANG_WARN_DIRECT_OBJC_ISA_USAGE = YES_ERROR;
				CLANG_WARN_EMPTY_BODY = YES;
				CLANG_WARN_ENUM_CONVERSION = YES;
				CLANG_WARN_INT_CONVERSION = YES;
				CLANG_WARN_OBJC_ROOT_CLASS = YES_ERROR;
				CLANG_WARN_UNREACHABLE_CODE = YES;
				CLANG_WARN__DUPLICATE_METHOD_MATCH = YES;
				"CODE_SIGN_IDENTITY[sdk=iphoneos*]" = "iPhone Developer";
				COPY_PHASE_STRIP = NO;
				DEBUG_INFORMATION_FORMAT = dwarf;
				ENABLE_STRICT_OBJC_MSGSEND = YES;
				ENABLE_TESTABILITY = YES;
				GCC_C_LANGUAGE_STANDARD = gnu99;
				GCC_DYNAMIC_NO_PIC = NO;
				GCC_NO_COMMON_BLOCKS = YES;
				GCC_OPTIMIZATION_LEVEL = 0;
				GCC_PREPROCESSOR_DEFINITIONS = (
					"DEBUG=1",
					"$(inherited)",
				);
				GCC_WARN_64_TO_32_BIT_CONVERSION = YES;
				GCC_WARN_ABOUT_RETURN_TYPE = YES_ERROR;
				GCC_WARN_UNDECLARED_SELECTOR = YES;
				GCC_WARN_UNINITIALIZED_AUTOS = YES_AGGRESSIVE;
				GCC_WARN_UNUSED_FUNCTION = YES;
				GCC_WARN_UNUSED_VARIABLE = YES;
				IPHONEOS_DEPLOYMENT_TARGET = 9.2;
				MTL_ENABLE_DEBUG_INFO = YES;
				ONLY_ACTIVE_ARCH = YES;
				SDKROOT = iphoneos;
				TARGETED_DEVICE_FAMILY = "1,2";
			};
			name = Debug;
		};
		DC992DC81C46947400382DFB /* Release */ = {
			isa = XCBuildConfiguration;
			buildSettings = {
				ALWAYS_SEARCH_USER_PATHS = NO;
				CLANG_CXX_LANGUAGE_STANDARD = "gnu++0x";
				CLANG_CXX_LIBRARY = "libc++";
				CLANG_ENABLE_MODULES = YES;
				CLANG_ENABLE_OBJC_ARC = YES;
				CLANG_WARN_BOOL_CONVERSION = YES;
				CLANG_WARN_CONSTANT_CONVERSION = YES;
				CLANG_WARN_DIRECT_OBJC_ISA_USAGE = YES_ERROR;
				CLANG_WARN_EMPTY_BODY = YES;
				CLANG_WARN_ENUM_CONVERSION = YES;
				CLANG_WARN_INT_CONVERSION = YES;
				CLANG_WARN_OBJC_ROOT_CLASS = YES_ERROR;
				CLANG_WARN_UNREACHABLE_CODE = YES;
				CLANG_WARN__DUPLICATE_METHOD_MATCH = YES;
				"CODE_SIGN_IDENTITY[sdk=iphoneos*]" = "iPhone Developer";
				COPY_PHASE_STRIP = NO;
				DEBUG_INFORMATION_FORMAT = "dwarf-with-dsym";
				ENABLE_NS_ASSERTIONS = NO;
				ENABLE_STRICT_OBJC_MSGSEND = YES;
				GCC_C_LANGUAGE_STANDARD = gnu99;
				GCC_NO_COMMON_BLOCKS = YES;
				GCC_WARN_64_TO_32_BIT_CONVERSION = YES;
				GCC_WARN_ABOUT_RETURN_TYPE = YES_ERROR;
				GCC_WARN_UNDECLARED_SELECTOR = YES;
				GCC_WARN_UNINITIALIZED_AUTOS = YES_AGGRESSIVE;
				GCC_WARN_UNUSED_FUNCTION = YES;
				GCC_WARN_UNUSED_VARIABLE = YES;
				IPHONEOS_DEPLOYMENT_TARGET = 9.2;
				MTL_ENABLE_DEBUG_INFO = NO;
				SDKROOT = iphoneos;
				TARGETED_DEVICE_FAMILY = "1,2";
				VALIDATE_PRODUCT = YES;
			};
			name = Release;
		};
		DC992DCA1C46947400382DFB /* Debug */ = {
			isa = XCBuildConfiguration;
			baseConfigurationReference = 8900394E29DB661B93AC5989 /* Pods-PsychologyApp.debug.xcconfig */;
			buildSettings = {
				ASSETCATALOG_COMPILER_APPICON_NAME = AppIcon;
				CODE_SIGN_IDENTITY = "iPhone Developer";
				INFOPLIST_FILE = PsychologyApp/Info.plist;
				LD_RUNPATH_SEARCH_PATHS = "$(inherited) @executable_path/Frameworks";
				OTHER_CFLAGS = (
					"$(inherited)",
					"-isystem",
					"\"${PODS_ROOT}/Headers/Public\"",
					"-isystem",
					"\"${PODS_ROOT}/Headers/Public/AFNetworking\"",
					"-isystem",
					"\"${PODS_ROOT}/Headers/Public/JSONModel\"",
					"-DENV_TEST",
				);
				PRODUCT_BUNDLE_IDENTIFIER = com.felix.PsychologyApp;
				PRODUCT_NAME = "$(TARGET_NAME)";
			};
			name = Debug;
		};
		DC992DCB1C46947400382DFB /* Release */ = {
			isa = XCBuildConfiguration;
			baseConfigurationReference = 2243071602447811C20C3E26 /* Pods-PsychologyApp.release.xcconfig */;
			buildSettings = {
				ASSETCATALOG_COMPILER_APPICON_NAME = AppIcon;
				CODE_SIGN_IDENTITY = "iPhone Developer";
				INFOPLIST_FILE = PsychologyApp/Info.plist;
				LD_RUNPATH_SEARCH_PATHS = "$(inherited) @executable_path/Frameworks";
				OTHER_CFLAGS = (
					"$(inherited)",
					"-isystem",
					"\"${PODS_ROOT}/Headers/Public\"",
					"-isystem",
					"\"${PODS_ROOT}/Headers/Public/AFNetworking\"",
					"-isystem",
					"\"${PODS_ROOT}/Headers/Public/JSONModel\"",
					"-DENV_TEST",
				);
				PRODUCT_BUNDLE_IDENTIFIER = com.felix.PsychologyApp;
				PRODUCT_NAME = "$(TARGET_NAME)";
			};
			name = Release;
		};
		DC992DCD1C46947400382DFB /* Debug */ = {
			isa = XCBuildConfiguration;
			buildSettings = {
				BUNDLE_LOADER = "$(TEST_HOST)";
				INFOPLIST_FILE = PsychologyAppTests/Info.plist;
				LD_RUNPATH_SEARCH_PATHS = "$(inherited) @executable_path/Frameworks @loader_path/Frameworks";
				PRODUCT_BUNDLE_IDENTIFIER = com.felix.PsychologyAppTests;
				PRODUCT_NAME = "$(TARGET_NAME)";
				TEST_HOST = "$(BUILT_PRODUCTS_DIR)/PsychologyApp.app/PsychologyApp";
			};
			name = Debug;
		};
		DC992DCE1C46947400382DFB /* Release */ = {
			isa = XCBuildConfiguration;
			buildSettings = {
				BUNDLE_LOADER = "$(TEST_HOST)";
				INFOPLIST_FILE = PsychologyAppTests/Info.plist;
				LD_RUNPATH_SEARCH_PATHS = "$(inherited) @executable_path/Frameworks @loader_path/Frameworks";
				PRODUCT_BUNDLE_IDENTIFIER = com.felix.PsychologyAppTests;
				PRODUCT_NAME = "$(TARGET_NAME)";
				TEST_HOST = "$(BUILT_PRODUCTS_DIR)/PsychologyApp.app/PsychologyApp";
			};
			name = Release;
		};
		DC992DD01C46947400382DFB /* Debug */ = {
			isa = XCBuildConfiguration;
			buildSettings = {
				INFOPLIST_FILE = PsychologyAppUITests/Info.plist;
				LD_RUNPATH_SEARCH_PATHS = "$(inherited) @executable_path/Frameworks @loader_path/Frameworks";
				PRODUCT_BUNDLE_IDENTIFIER = com.felix.PsychologyAppUITests;
				PRODUCT_NAME = "$(TARGET_NAME)";
				TEST_TARGET_NAME = PsychologyApp;
				USES_XCTRUNNER = YES;
			};
			name = Debug;
		};
		DC992DD11C46947400382DFB /* Release */ = {
			isa = XCBuildConfiguration;
			buildSettings = {
				INFOPLIST_FILE = PsychologyAppUITests/Info.plist;
				LD_RUNPATH_SEARCH_PATHS = "$(inherited) @executable_path/Frameworks @loader_path/Frameworks";
				PRODUCT_BUNDLE_IDENTIFIER = com.felix.PsychologyAppUITests;
				PRODUCT_NAME = "$(TARGET_NAME)";
				TEST_TARGET_NAME = PsychologyApp;
				USES_XCTRUNNER = YES;
			};
			name = Release;
		};
/* End XCBuildConfiguration section */

/* Begin XCConfigurationList section */
		DC992D971C46947400382DFB /* Build configuration list for PBXProject "PsychologyApp" */ = {
			isa = XCConfigurationList;
			buildConfigurations = (
				DC992DC71C46947400382DFB /* Debug */,
				DC992DC81C46947400382DFB /* Release */,
			);
			defaultConfigurationIsVisible = 0;
			defaultConfigurationName = Release;
		};
		DC992DC91C46947400382DFB /* Build configuration list for PBXNativeTarget "PsychologyApp" */ = {
			isa = XCConfigurationList;
			buildConfigurations = (
				DC992DCA1C46947400382DFB /* Debug */,
				DC992DCB1C46947400382DFB /* Release */,
			);
			defaultConfigurationIsVisible = 0;
			defaultConfigurationName = Release;
		};
		DC992DCC1C46947400382DFB /* Build configuration list for PBXNativeTarget "PsychologyAppTests" */ = {
			isa = XCConfigurationList;
			buildConfigurations = (
				DC992DCD1C46947400382DFB /* Debug */,
				DC992DCE1C46947400382DFB /* Release */,
			);
			defaultConfigurationIsVisible = 0;
			defaultConfigurationName = Release;
		};
		DC992DCF1C46947400382DFB /* Build configuration list for PBXNativeTarget "PsychologyAppUITests" */ = {
			isa = XCConfigurationList;
			buildConfigurations = (
				DC992DD01C46947400382DFB /* Debug */,
				DC992DD11C46947400382DFB /* Release */,
			);
			defaultConfigurationIsVisible = 0;
			defaultConfigurationName = Release;
		};
/* End XCConfigurationList section */
	};
	rootObject = DC992D941C46947400382DFB /* Project object */;
}
